dependencies:
- name: bankapp-common
  repository: file://../../bankapp-common
  version: 0.1.0
- name: configserver
  repository: file://../../bankapp-services/configserver
  version: 0.1.0
- name: accounts
  repository: file://../../bankapp-services/accounts
  version: 0.1.0
- name: cards
  repository: file://../../bankapp-services/cards
  version: 0.1.0
- name: loans
  repository: file://../../bankapp-services/loans
  version: 0.1.0
- name: gatewayserver
  repository: file://../../bankapp-services/gatewayserver
  version: 0.1.0
- name: message
  repository: file://../../bankapp-services/message
  version: 0.1.0
digest: sha256:07569422637bf3b877875cc9bc814ba250c98ff046e8453b6a1a7b89b85a72ae
generated: "2025-10-25T13:46:08.1256204-05:00"
