dependencies:
- name: bankapp-common
  repository: file://../../bankapp-common
  version: 0.1.0
- name: configserver
  repository: file://../../bankapp-services/configserver
  version: 0.1.0
- name: eurekaserver
  repository: file://../../bankapp-services/eurekaserver
  version: 0.1.0
- name: accounts
  repository: file://../../bankapp-services/accounts
  version: 0.1.0
- name: cards
  repository: file://../../bankapp-services/cards
  version: 0.1.0
- name: loans
  repository: file://../../bankapp-services/loans
  version: 0.1.0
- name: gatewayserver
  repository: file://../../bankapp-services/gatewayserver
  version: 0.1.0
- name: message
  repository: file://../../bankapp-services/message
  version: 0.1.0
digest: sha256:d36b83a094faa0f393261018749ba89e9d88939290cdade300a34f28f4a5dab7
generated: "2025-10-12T13:51:28.671664-05:00"
